PODS:
  - Alamofire (5.4.3)
  - Firebase/CoreOnly (8.3.0):
    - FirebaseCore (= 8.3.0)
  - Firebase/Messaging (8.3.0):
    - Firebase/CoreOnly
    - FirebaseMessaging (~> 8.3.0)
  - FirebaseCore (8.3.0):
    - FirebaseCoreDiagnostics (~> 8.0)
    - GoogleUtilities/Environment (~> 7.4)
    - GoogleUtilities/Logger (~> 7.4)
  - FirebaseCoreDiagnostics (8.3.0):
    - GoogleDataTransport (~> 9.0)
    - GoogleUtilities/Environment (~> 7.4)
    - GoogleUtilities/Logger (~> 7.4)
    - nanopb (~> 2.30908.0)
  - FirebaseInstallations (8.3.0):
    - FirebaseCore (~> 8.0)
    - GoogleUtilities/Environment (~> 7.4)
    - GoogleUtilities/UserDefaults (~> 7.4)
    - PromisesObjC (~> 1.2)
  - FirebaseMessaging (8.3.0):
    - FirebaseCore (~> 8.0)
    - FirebaseInstallations (~> 8.0)
    - GoogleUtilities/AppDelegateSwizzler (~> 7.4)
    - GoogleUtilities/Environment (~> 7.4)
    - GoogleUtilities/Reachability (~> 7.4)
    - GoogleUtilities/UserDefaults (~> 7.4)
  - GoogleDataTransport (9.1.0):
    - GoogleUtilities/Environment (~> 7.2)
    - nanopb (~> 2.30908.0)
    - PromisesObjC (< 3.0, >= 1.2)
  - GoogleUtilities/AppDelegateSwizzler (7.5.0):
    - GoogleUtilities/Environment
    - GoogleUtilities/Logger
    - GoogleUtilities/Network
  - GoogleUtilities/Environment (7.5.0):
    - PromisesObjC (< 3.0, >= 1.2)
  - GoogleUtilities/Logger (7.5.0):
    - GoogleUtilities/Environment
  - GoogleUtilities/Network (7.5.0):
    - GoogleUtilities/Logger
    - "GoogleUtilities/NSData+zlib"
    - GoogleUtilities/Reachability
  - "GoogleUtilities/NSData+zlib (7.5.0)"
  - GoogleUtilities/Reachability (7.5.0):
    - GoogleUtilities/Logger
  - GoogleUtilities/UserDefaults (7.5.0):
    - GoogleUtilities/Logger
  - GPUImage (0.1.7)
  - KakaoSDKAuth (2.5.5):
    - KakaoSDKCommon (= 2.5.5)
  - KakaoSDKCommon (2.5.5):
    - KakaoSDKCommon/Common (= 2.5.5)
    - KakaoSDKCommon/Network (= 2.5.5)
  - KakaoSDKCommon/Common (2.5.5)
  - KakaoSDKCommon/Network (2.5.5):
    - Alamofire (~> 5.1)
    - KakaoSDKCommon/Common (= 2.5.5)
  - KakaoSDKUser (2.5.5):
    - KakaoSDKAuth (= 2.5.5)
  - Kingfisher (4.10.1)
  - libksygpulive (3.0.4):
    - libksygpulive/libksygpulive (= 3.0.4)
  - libksygpulive/base (3.0.4)
  - libksygpulive/libksygpulive (3.0.4):
    - GPUImage
    - libksygpulive/streamerbase
  - libksygpulive/mediacodec (3.0.4)
  - libksygpulive/mediacore_enc_base (3.0.4)
  - libksygpulive/mediacore_enc_lite (3.0.4)
  - libksygpulive/streamerbase (3.0.4):
    - libksygpulive/base
    - libksygpulive/mediacodec
    - libksygpulive/mediacore_enc_base
    - libksygpulive/mediacore_enc_lite
    - libksygpulive/yuv
  - libksygpulive/yuv (3.0.4)
  - nanopb (2.30908.0):
    - nanopb/decode (= 2.30908.0)
    - nanopb/encode (= 2.30908.0)
  - nanopb/decode (2.30908.0)
  - nanopb/encode (2.30908.0)
  - PromisesObjC (1.2.12)

DEPENDENCIES:
  - Firebase/Messaging
  - KakaoSDKAuth
  - KakaoSDKCommon
  - KakaoSDKUser
  - Kingfisher (~> 4.0)
  - libksygpulive (from `https://github.com/ksvc/KSYLive_iOS.git`, tag `v3.0.5`)

SPEC REPOS:
  https://github.com/cocoapods/specs.git:
    - Alamofire
    - Firebase
    - FirebaseCore
    - FirebaseCoreDiagnostics
    - FirebaseInstallations
    - FirebaseMessaging
    - GoogleDataTransport
    - GoogleUtilities
    - GPUImage
    - KakaoSDKAuth
    - KakaoSDKCommon
    - KakaoSDKUser
    - Kingfisher
    - nanopb
    - PromisesObjC

EXTERNAL SOURCES:
  libksygpulive:
    :git: https://github.com/ksvc/KSYLive_iOS.git
    :tag: v3.0.5

CHECKOUT OPTIONS:
  libksygpulive:
    :git: https://github.com/ksvc/KSYLive_iOS.git
    :tag: v3.0.5

SPEC CHECKSUMS:
  Alamofire: e447a2774a40c996748296fa2c55112fdbbc42f9
  Firebase: 817b9171d0d51dccc458b94a5e8edff6b1dd323d
  FirebaseCore: a6dba751680d7033b9d3831e1cfc95ead0605118
  FirebaseCoreDiagnostics: 7e873baabcfaa9512f538554ae4fa0817aaafbdb
  FirebaseInstallations: b69db7680870dbac17bba7a51fc0b5c4b365baa7
  FirebaseMessaging: 42252b79b860482021483748669ec32e22196462
  GoogleDataTransport: 85fd18ff3019bb85d3f2c551d04c481dedf71fc9
  GoogleUtilities: eea970f4a389963963bffe8d8fabe43540678b9c
  GPUImage: 733a5f0fab92df9de1c37ba9df520a833ccb406d
  KakaoSDKAuth: 7474cf67d199a9c2ec6a46e4ed8398cf34c1262d
  KakaoSDKCommon: fb2c9223a86d6f65a8ba73bbaad7cec6a2b09630
  KakaoSDKUser: 7bb1c38bbd4608bd4e7eebbd4eda130338364fb3
  Kingfisher: c148cd7b47ebde9989f6bc7c27dcaa79d81279a0
  libksygpulive: aca3eb30e7a38ee6565feb52feb82ccc0103ce43
  nanopb: a0ba3315591a9ae0a16a309ee504766e90db0c96
  PromisesObjC: 3113f7f76903778cf4a0586bd1ab89329a0b7b97

PODFILE CHECKSUM: 92ca99a0dffbc31eb2ef045305601d660f0629c8

COCOAPODS: 1.6.1
