// !$*UTF8*$!
{
	archiveVersion = 1;
	classes = {
	};
	objectVersion = 51;
	objects = {

/* Begin PBXBuildFile section */
		17CB44B12743FB9E0070A77E /* TutorialContentsVC.swift in Sources */ = {isa = PBXBuildFile; fileRef = 17CB44B02743FB9E0070A77E /* TutorialContentsVC.swift */; };
		8BECA115017332181EC4E3C8 /* Pods_PriceHunter.framework in Frameworks */ = {isa = PBXBuildFile; fileRef = FCC0D92CDE0D47637CC6FFE5 /* Pods_PriceHunter.framework */; };
		FF1298C5253829E8000731CE /* LiveViewController.swift in Sources */ = {isa = PBXBuildFile; fileRef = FF1298C4253829E8000731CE /* LiveViewController.swift */; };
		FF45458F25B5CF3200B05D71 /* ImageSelectDetailViewController.swift in Sources */ = {isa = PBXBuildFile; fileRef = FF45458E25B5CF3200B05D71 /* ImageSelectDetailViewController.swift */; };
		FF4DB5F924BC9B8D0096165D /* IOS_1242x2208_intro.png in Resources */ = {isa = PBXBuildFile; fileRef = FF4DB5F824BC9B8D0096165D /* IOS_1242x2208_intro.png */; };
		FF4FA9ED248105040059908A /* SubWebViewController.swift in Sources */ = {isa = PBXBuildFile; fileRef = FF4FA9EC248105040059908A /* SubWebViewController.swift */; };
		FF60BA1B247EA18E00B0B1A8 /* AppDelegate.swift in Sources */ = {isa = PBXBuildFile; fileRef = FF60BA1A247EA18E00B0B1A8 /* AppDelegate.swift */; };
		FF60BA1D247EA18E00B0B1A8 /* SceneDelegate.swift in Sources */ = {isa = PBXBuildFile; fileRef = FF60BA1C247EA18E00B0B1A8 /* SceneDelegate.swift */; };
		FF60BA1F247EA18E00B0B1A8 /* ViewController.swift in Sources */ = {isa = PBXBuildFile; fileRef = FF60BA1E247EA18E00B0B1A8 /* ViewController.swift */; };
		FF60BA22247EA18E00B0B1A8 /* Main.storyboard in Resources */ = {isa = PBXBuildFile; fileRef = FF60BA20247EA18E00B0B1A8 /* Main.storyboard */; };
		FF60BA24247EA19400B0B1A8 /* Assets.xcassets in Resources */ = {isa = PBXBuildFile; fileRef = FF60BA23247EA19400B0B1A8 /* Assets.xcassets */; };
		FF60BA27247EA19400B0B1A8 /* LaunchScreen.storyboard in Resources */ = {isa = PBXBuildFile; fileRef = FF60BA25247EA19400B0B1A8 /* LaunchScreen.storyboard */; };
		FF60BA33247EAACD00B0B1A8 /* GoogleService-Info.plist in Resources */ = {isa = PBXBuildFile; fileRef = FF60BA32247EAACD00B0B1A8 /* GoogleService-Info.plist */; };
		FF60BA49247EB27700B0B1A8 /* icon_play.png in Resources */ = {isa = PBXBuildFile; fileRef = FF60BA38247EB27700B0B1A8 /* icon_play.png */; };
		FF60BA4A247EB27700B0B1A8 /* btn_gallery@3x.png in Resources */ = {isa = PBXBuildFile; fileRef = FF60BA39247EB27700B0B1A8 /* btn_gallery@3x.png */; };
		FF60BA4B247EB27700B0B1A8 /* icon_del.png in Resources */ = {isa = PBXBuildFile; fileRef = FF60BA3A247EB27700B0B1A8 /* icon_del.png */; };
		FF60BA4C247EB27700B0B1A8 /* ic_main.png in Resources */ = {isa = PBXBuildFile; fileRef = FF60BA3B247EB27700B0B1A8 /* ic_main.png */; };
		FF60BA4D247EB27700B0B1A8 /* top_back.png in Resources */ = {isa = PBXBuildFile; fileRef = FF60BA3C247EB27700B0B1A8 /* top_back.png */; };
		FF60BA4E247EB27700B0B1A8 /* btn_gallery@2x.png in Resources */ = {isa = PBXBuildFile; fileRef = FF60BA3D247EB27700B0B1A8 /* btn_gallery@2x.png */; };
		FF60BA4F247EB27700B0B1A8 /* btn_camera@3x.png in Resources */ = {isa = PBXBuildFile; fileRef = FF60BA3E247EB27700B0B1A8 /* btn_camera@3x.png */; };
		FF60BA50247EB27700B0B1A8 /* btn_camera@2x.png in Resources */ = {isa = PBXBuildFile; fileRef = FF60BA3F247EB27700B0B1A8 /* btn_camera@2x.png */; };
		FF60BA51247EB27700B0B1A8 /* icon_camerachange.png in Resources */ = {isa = PBXBuildFile; fileRef = FF60BA40247EB27700B0B1A8 /* icon_camerachange.png */; };
		FF60BA52247EB27700B0B1A8 /* btn_gallery.png in Resources */ = {isa = PBXBuildFile; fileRef = FF60BA41247EB27700B0B1A8 /* btn_gallery.png */; };
		FF60BA53247EB27700B0B1A8 /* icon_del@2x.png in Resources */ = {isa = PBXBuildFile; fileRef = FF60BA42247EB27700B0B1A8 /* icon_del@2x.png */; };
		FF60BA54247EB27700B0B1A8 /* btn_camera.png in Resources */ = {isa = PBXBuildFile; fileRef = FF60BA43247EB27700B0B1A8 /* btn_camera.png */; };
		FF60BA55247EB27700B0B1A8 /* icon_stop.png in Resources */ = {isa = PBXBuildFile; fileRef = FF60BA44247EB27700B0B1A8 /* icon_stop.png */; };
		FF60BA57247EB27700B0B1A8 /* btn_close.png in Resources */ = {isa = PBXBuildFile; fileRef = FF60BA46247EB27700B0B1A8 /* btn_close.png */; };
		FF60BA58247EB27700B0B1A8 /* icon_del@3x.png in Resources */ = {isa = PBXBuildFile; fileRef = FF60BA47247EB27700B0B1A8 /* icon_del@3x.png */; };
		FF8E74CF24EC1D1900B6F92F /* NotificationService.swift in Sources */ = {isa = PBXBuildFile; fileRef = FF8E74CE24EC1D1900B6F92F /* NotificationService.swift */; };
		FF8E74D324EC1D1900B6F92F /* NotificationServiceExtension.appex in Embed App Extensions */ = {isa = PBXBuildFile; fileRef = FF8E74CC24EC1D1900B6F92F /* NotificationServiceExtension.appex */; settings = {ATTRIBUTES = (RemoveHeadersOnCopy, ); }; };
		FFAD29492494945300E5E559 /* ImageData.swift in Sources */ = {isa = PBXBuildFile; fileRef = FFAD29482494945300E5E559 /* ImageData.swift */; };
		FFAD294C2494948300E5E559 /* ImageModel.swift in Sources */ = {isa = PBXBuildFile; fileRef = FFAD294B2494948300E5E559 /* ImageModel.swift */; };
		FFBEC4442497D0D400CB3651 /* ImageFileData.swift in Sources */ = {isa = PBXBuildFile; fileRef = FFBEC4432497D0D400CB3651 /* ImageFileData.swift */; };
		FFD87A6B2493C28D008E44C7 /* ImageCollectionViewCell.swift in Sources */ = {isa = PBXBuildFile; fileRef = FFD87A6A2493C28D008E44C7 /* ImageCollectionViewCell.swift */; };
		FFE1057D24AA3A8C000100E5 /* QRReaderViewController.swift in Sources */ = {isa = PBXBuildFile; fileRef = FFE1057C24AA3A8C000100E5 /* QRReaderViewController.swift */; };
		FFE608DF24936EA900AD630E /* ImageSelectViewController.swift in Sources */ = {isa = PBXBuildFile; fileRef = FFE608DE24936EA900AD630E /* ImageSelectViewController.swift */; };
		FFE8922325A76C2900497503 /* JYBBaseViewController.m in Sources */ = {isa = PBXBuildFile; fileRef = FFE891F925A76C2900497503 /* JYBBaseViewController.m */; };
		FFE8922425A76C2900497503 /* JYBMultiImageView.m in Sources */ = {isa = PBXBuildFile; fileRef = FFE891FB25A76C2900497503 /* JYBMultiImageView.m */; };
		FFE8922525A76C2900497503 /* UIImageButton.m in Sources */ = {isa = PBXBuildFile; fileRef = FFE891FE25A76C2900497503 /* UIImageButton.m */; };
		FFE8922625A76C2900497503 /* JYBStringHelper.m in Sources */ = {isa = PBXBuildFile; fileRef = FFE8920025A76C2900497503 /* JYBStringHelper.m */; };
		FFE8922725A76C2900497503 /* MBProgressHUD.m in Sources */ = {isa = PBXBuildFile; fileRef = FFE8920325A76C2900497503 /* MBProgressHUD.m */; };
		FFE8922825A76C2900497503 /* JYBLoading.m in Sources */ = {isa = PBXBuildFile; fileRef = FFE8920425A76C2900497503 /* JYBLoading.m */; };
		FFE8922925A76C2900497503 /* JYBLoadingIndicator.m in Sources */ = {isa = PBXBuildFile; fileRef = FFE8920825A76C2900497503 /* JYBLoadingIndicator.m */; };
		FFE8922A25A76C2900497503 /* UIView+Ext.m in Sources */ = {isa = PBXBuildFile; fileRef = FFE8920B25A76C2900497503 /* UIView+Ext.m */; };
		FFE8922B25A76C2900497503 /* UIImage+Color.m in Sources */ = {isa = PBXBuildFile; fileRef = FFE8920D25A76C2900497503 /* UIImage+Color.m */; };
		FFE8922C25A76C2900497503 /* ELCImagePickerController.m in Sources */ = {isa = PBXBuildFile; fileRef = FFE8921125A76C2900497503 /* ELCImagePickerController.m */; };
		FFE8922D25A76C2900497503 /* Overlay_select.png in Resources */ = {isa = PBXBuildFile; fileRef = FFE8921525A76C2900497503 /* Overlay_select.png */; };
		FFE8922E25A76C2900497503 /* Overlay_select@2x.png in Resources */ = {isa = PBXBuildFile; fileRef = FFE8921625A76C2900497503 /* Overlay_select@2x.png */; };
		FFE8922F25A76C2900497503 /* ELCAssetCollectionPicker.xib in Resources */ = {isa = PBXBuildFile; fileRef = FFE8921725A76C2900497503 /* ELCAssetCollectionPicker.xib */; };
		FFE8923025A76C2900497503 /* Overlay.png in Resources */ = {isa = PBXBuildFile; fileRef = FFE8921825A76C2900497503 /* Overlay.png */; };
		FFE8923125A76C2900497503 /* goods_add_plus@3x.png in Resources */ = {isa = PBXBuildFile; fileRef = FFE8921925A76C2900497503 /* goods_add_plus@3x.png */; };
		FFE8923225A76C2900497503 /* goods_add_plus@2x.png in Resources */ = {isa = PBXBuildFile; fileRef = FFE8921A25A76C2900497503 /* goods_add_plus@2x.png */; };
		FFE8923325A76C2900497503 /* Overlay@2x.png in Resources */ = {isa = PBXBuildFile; fileRef = FFE8921B25A76C2900497503 /* Overlay@2x.png */; };
		FFE8923425A76C2900497503 /* ELCAssetCollectionCell.m in Sources */ = {isa = PBXBuildFile; fileRef = FFE8921E25A76C2900497503 /* ELCAssetCollectionCell.m */; };
		FFE8923525A76C2900497503 /* ELCAssetCollectionPicker.m in Sources */ = {isa = PBXBuildFile; fileRef = FFE8922025A76C2900497503 /* ELCAssetCollectionPicker.m */; };
		FFE8923625A76C2900497503 /* ELCAsset.m in Sources */ = {isa = PBXBuildFile; fileRef = FFE8922125A76C2900497503 /* ELCAsset.m */; };
		FFE8923725A76C2900497503 /* ELCAlbumPickerController.m in Sources */ = {isa = PBXBuildFile; fileRef = FFE8922225A76C2900497503 /* ELCAlbumPickerController.m */; };
/* End PBXBuildFile section */

/* Begin PBXContainerItemProxy section */
		FF8E74D124EC1D1900B6F92F /* PBXContainerItemProxy */ = {
			isa = PBXContainerItemProxy;
			containerPortal = FF60BA0F247EA18E00B0B1A8 /* Project object */;
			proxyType = 1;
			remoteGlobalIDString = FF8E74CB24EC1D1900B6F92F;
			remoteInfo = NotificationServiceExtension;
		};
/* End PBXContainerItemProxy section */

/* Begin PBXCopyFilesBuildPhase section */
		FF8E74D424EC1D1900B6F92F /* Embed App Extensions */ = {
			isa = PBXCopyFilesBuildPhase;
			buildActionMask = 2147483647;
			dstPath = "";
			dstSubfolderSpec = 13;
			files = (
				FF8E74D324EC1D1900B6F92F /* NotificationServiceExtension.appex in Embed App Extensions */,
			);
			name = "Embed App Extensions";
			runOnlyForDeploymentPostprocessing = 0;
		};
/* End PBXCopyFilesBuildPhase section */

/* Begin PBXFileReference section */
		0C657A337E082E64711060B8 /* Pods-LabangTv.release.xcconfig */ = {isa = PBXFileReference; includeInIndex = 1; lastKnownFileType = text.xcconfig; name = "Pods-LabangTv.release.xcconfig"; path = "Target Support Files/Pods-LabangTv/Pods-LabangTv.release.xcconfig"; sourceTree = "<group>"; };
		17CB44B02743FB9E0070A77E /* TutorialContentsVC.swift */ = {isa = PBXFileReference; lastKnownFileType = sourcecode.swift; path = TutorialContentsVC.swift; sourceTree = "<group>"; };
		361797D005EDAF12E78C327E /* Pods-PriceHunter.debug.xcconfig */ = {isa = PBXFileReference; includeInIndex = 1; lastKnownFileType = text.xcconfig; name = "Pods-PriceHunter.debug.xcconfig"; path = "Target Support Files/Pods-PriceHunter/Pods-PriceHunter.debug.xcconfig"; sourceTree = "<group>"; };
		3F8776A0F2F0BBB67B81EB02 /* Pods-LabangTv.debug.xcconfig */ = {isa = PBXFileReference; includeInIndex = 1; lastKnownFileType = text.xcconfig; name = "Pods-LabangTv.debug.xcconfig"; path = "Target Support Files/Pods-LabangTv/Pods-LabangTv.debug.xcconfig"; sourceTree = "<group>"; };
		C844CF4D4A3D792C7E9DB744 /* Pods-PriceHunter.release.xcconfig */ = {isa = PBXFileReference; includeInIndex = 1; lastKnownFileType = text.xcconfig; name = "Pods-PriceHunter.release.xcconfig"; path = "Target Support Files/Pods-PriceHunter/Pods-PriceHunter.release.xcconfig"; sourceTree = "<group>"; };
		FCC0D92CDE0D47637CC6FFE5 /* Pods_PriceHunter.framework */ = {isa = PBXFileReference; explicitFileType = wrapper.framework; includeInIndex = 0; path = Pods_PriceHunter.framework; sourceTree = BUILT_PRODUCTS_DIR; };
		FF1298C4253829E8000731CE /* LiveViewController.swift */ = {isa = PBXFileReference; lastKnownFileType = sourcecode.swift; path = LiveViewController.swift; sourceTree = "<group>"; };
		FF45458E25B5CF3200B05D71 /* ImageSelectDetailViewController.swift */ = {isa = PBXFileReference; lastKnownFileType = sourcecode.swift; path = ImageSelectDetailViewController.swift; sourceTree = "<group>"; };
		FF4DB5F824BC9B8D0096165D /* IOS_1242x2208_intro.png */ = {isa = PBXFileReference; lastKnownFileType = image.png; name = IOS_1242x2208_intro.png; path = PriceHunter/Assets.xcassets/LaunchImage.launchimage/IOS_1242x2208_intro.png; sourceTree = SOURCE_ROOT; };
		FF4FA9EC248105040059908A /* SubWebViewController.swift */ = {isa = PBXFileReference; lastKnownFileType = sourcecode.swift; path = SubWebViewController.swift; sourceTree = "<group>"; };
		FF60BA1A247EA18E00B0B1A8 /* AppDelegate.swift */ = {isa = PBXFileReference; lastKnownFileType = sourcecode.swift; path = AppDelegate.swift; sourceTree = "<group>"; };
		FF60BA1C247EA18E00B0B1A8 /* SceneDelegate.swift */ = {isa = PBXFileReference; lastKnownFileType = sourcecode.swift; path = SceneDelegate.swift; sourceTree = "<group>"; };
		FF60BA1E247EA18E00B0B1A8 /* ViewController.swift */ = {isa = PBXFileReference; lastKnownFileType = sourcecode.swift; path = ViewController.swift; sourceTree = "<group>"; };
		FF60BA21247EA18E00B0B1A8 /* Base */ = {isa = PBXFileReference; lastKnownFileType = file.storyboard; name = Base; path = Base.lproj/Main.storyboard; sourceTree = "<group>"; };
		FF60BA23247EA19400B0B1A8 /* Assets.xcassets */ = {isa = PBXFileReference; lastKnownFileType = folder.assetcatalog; path = Assets.xcassets; sourceTree = "<group>"; };
		FF60BA26247EA19400B0B1A8 /* Base */ = {isa = PBXFileReference; lastKnownFileType = file.storyboard; name = Base; path = Base.lproj/LaunchScreen.storyboard; sourceTree = "<group>"; };
		FF60BA28247EA19400B0B1A8 /* Info.plist */ = {isa = PBXFileReference; lastKnownFileType = text.plist.xml; path = Info.plist; sourceTree = "<group>"; };
		FF60BA32247EAACD00B0B1A8 /* GoogleService-Info.plist */ = {isa = PBXFileReference; fileEncoding = 4; lastKnownFileType = text.plist.xml; path = "GoogleService-Info.plist"; sourceTree = "<group>"; };
		FF60BA34247EB13C00B0B1A8 /* PriceHunter.entitlements */ = {isa = PBXFileReference; lastKnownFileType = text.plist.entitlements; path = PriceHunter.entitlements; sourceTree = "<group>"; };
		FF60BA38247EB27700B0B1A8 /* icon_play.png */ = {isa = PBXFileReference; lastKnownFileType = image.png; path = icon_play.png; sourceTree = "<group>"; };
		FF60BA39247EB27700B0B1A8 /* btn_gallery@3x.png */ = {isa = PBXFileReference; lastKnownFileType = image.png; path = "btn_gallery@3x.png"; sourceTree = "<group>"; };
		FF60BA3A247EB27700B0B1A8 /* icon_del.png */ = {isa = PBXFileReference; lastKnownFileType = image.png; path = icon_del.png; sourceTree = "<group>"; };
		FF60BA3B247EB27700B0B1A8 /* ic_main.png */ = {isa = PBXFileReference; lastKnownFileType = image.png; path = ic_main.png; sourceTree = "<group>"; };
		FF60BA3C247EB27700B0B1A8 /* top_back.png */ = {isa = PBXFileReference; lastKnownFileType = image.png; path = top_back.png; sourceTree = "<group>"; };
		FF60BA3D247EB27700B0B1A8 /* btn_gallery@2x.png */ = {isa = PBXFileReference; lastKnownFileType = image.png; path = "btn_gallery@2x.png"; sourceTree = "<group>"; };
		FF60BA3E247EB27700B0B1A8 /* btn_camera@3x.png */ = {isa = PBXFileReference; lastKnownFileType = image.png; path = "btn_camera@3x.png"; sourceTree = "<group>"; };
		FF60BA3F247EB27700B0B1A8 /* btn_camera@2x.png */ = {isa = PBXFileReference; lastKnownFileType = image.png; path = "btn_camera@2x.png"; sourceTree = "<group>"; };
		FF60BA40247EB27700B0B1A8 /* icon_camerachange.png */ = {isa = PBXFileReference; lastKnownFileType = image.png; path = icon_camerachange.png; sourceTree = "<group>"; };
		FF60BA41247EB27700B0B1A8 /* btn_gallery.png */ = {isa = PBXFileReference; lastKnownFileType = image.png; path = btn_gallery.png; sourceTree = "<group>"; };
		FF60BA42247EB27700B0B1A8 /* icon_del@2x.png */ = {isa = PBXFileReference; lastKnownFileType = image.png; path = "icon_del@2x.png"; sourceTree = "<group>"; };
		FF60BA43247EB27700B0B1A8 /* btn_camera.png */ = {isa = PBXFileReference; lastKnownFileType = image.png; path = btn_camera.png; sourceTree = "<group>"; };
		FF60BA44247EB27700B0B1A8 /* icon_stop.png */ = {isa = PBXFileReference; lastKnownFileType = image.png; path = icon_stop.png; sourceTree = "<group>"; };
		FF60BA46247EB27700B0B1A8 /* btn_close.png */ = {isa = PBXFileReference; lastKnownFileType = image.png; path = btn_close.png; sourceTree = "<group>"; };
		FF60BA47247EB27700B0B1A8 /* icon_del@3x.png */ = {isa = PBXFileReference; lastKnownFileType = image.png; path = "icon_del@3x.png"; sourceTree = "<group>"; };
		FF78E3DD24854469002AFAFF /* PriceHunter.app */ = {isa = PBXFileReference; explicitFileType = wrapper.application; includeInIndex = 0; path = PriceHunter.app; sourceTree = BUILT_PRODUCTS_DIR; };
		FF8E74CC24EC1D1900B6F92F /* NotificationServiceExtension.appex */ = {isa = PBXFileReference; explicitFileType = "wrapper.app-extension"; includeInIndex = 0; path = NotificationServiceExtension.appex; sourceTree = BUILT_PRODUCTS_DIR; };
		FF8E74CE24EC1D1900B6F92F /* NotificationService.swift */ = {isa = PBXFileReference; lastKnownFileType = sourcecode.swift; path = NotificationService.swift; sourceTree = "<group>"; };
		FF8E74D024EC1D1900B6F92F /* Info.plist */ = {isa = PBXFileReference; lastKnownFileType = text.plist.xml; path = Info.plist; sourceTree = "<group>"; };
		FFAD29482494945300E5E559 /* ImageData.swift */ = {isa = PBXFileReference; lastKnownFileType = sourcecode.swift; path = ImageData.swift; sourceTree = "<group>"; };
		FFAD294B2494948300E5E559 /* ImageModel.swift */ = {isa = PBXFileReference; lastKnownFileType = sourcecode.swift; path = ImageModel.swift; sourceTree = "<group>"; };
		FFBEC4432497D0D400CB3651 /* ImageFileData.swift */ = {isa = PBXFileReference; lastKnownFileType = sourcecode.swift; path = ImageFileData.swift; sourceTree = "<group>"; };
		FFD87A6A2493C28D008E44C7 /* ImageCollectionViewCell.swift */ = {isa = PBXFileReference; lastKnownFileType = sourcecode.swift; path = ImageCollectionViewCell.swift; sourceTree = "<group>"; };
		FFE1057C24AA3A8C000100E5 /* QRReaderViewController.swift */ = {isa = PBXFileReference; lastKnownFileType = sourcecode.swift; path = QRReaderViewController.swift; sourceTree = "<group>"; };
		FFE608DE24936EA900AD630E /* ImageSelectViewController.swift */ = {isa = PBXFileReference; lastKnownFileType = sourcecode.swift; path = ImageSelectViewController.swift; sourceTree = "<group>"; };
		FFE8918F259A28F500497503 /* Bridge-Header.h */ = {isa = PBXFileReference; lastKnownFileType = sourcecode.c.h; path = "Bridge-Header.h"; sourceTree = "<group>"; };
		FFE891F825A76C2900497503 /* JYBMacros.h */ = {isa = PBXFileReference; fileEncoding = 4; lastKnownFileType = sourcecode.c.h; path = JYBMacros.h; sourceTree = "<group>"; };
		FFE891F925A76C2900497503 /* JYBBaseViewController.m */ = {isa = PBXFileReference; fileEncoding = 4; lastKnownFileType = sourcecode.c.objc; path = JYBBaseViewController.m; sourceTree = "<group>"; };
		FFE891FB25A76C2900497503 /* JYBMultiImageView.m */ = {isa = PBXFileReference; fileEncoding = 4; lastKnownFileType = sourcecode.c.objc; path = JYBMultiImageView.m; sourceTree = "<group>"; };
		FFE891FC25A76C2900497503 /* UIImageButton.h */ = {isa = PBXFileReference; fileEncoding = 4; lastKnownFileType = sourcecode.c.h; path = UIImageButton.h; sourceTree = "<group>"; };
		FFE891FD25A76C2900497503 /* JYBMultiImageView.h */ = {isa = PBXFileReference; fileEncoding = 4; lastKnownFileType = sourcecode.c.h; path = JYBMultiImageView.h; sourceTree = "<group>"; };
		FFE891FE25A76C2900497503 /* UIImageButton.m */ = {isa = PBXFileReference; fileEncoding = 4; lastKnownFileType = sourcecode.c.objc; path = UIImageButton.m; sourceTree = "<group>"; };
		FFE891FF25A76C2900497503 /* JYBMultiImageSelector.h */ = {isa = PBXFileReference; fileEncoding = 4; lastKnownFileType = sourcecode.c.h; path = JYBMultiImageSelector.h; sourceTree = "<group>"; };
		FFE8920025A76C2900497503 /* JYBStringHelper.m */ = {isa = PBXFileReference; fileEncoding = 4; lastKnownFileType = sourcecode.c.objc; path = JYBStringHelper.m; sourceTree = "<group>"; };
		FFE8920125A76C2900497503 /* JYBBaseViewController.h */ = {isa = PBXFileReference; fileEncoding = 4; lastKnownFileType = sourcecode.c.h; path = JYBBaseViewController.h; sourceTree = "<group>"; };
		FFE8920325A76C2900497503 /* MBProgressHUD.m */ = {isa = PBXFileReference; fileEncoding = 4; lastKnownFileType = sourcecode.c.objc; path = MBProgressHUD.m; sourceTree = "<group>"; };
		FFE8920425A76C2900497503 /* JYBLoading.m */ = {isa = PBXFileReference; fileEncoding = 4; lastKnownFileType = sourcecode.c.objc; path = JYBLoading.m; sourceTree = "<group>"; };
		FFE8920525A76C2900497503 /* JYBLoadingIndicator.h */ = {isa = PBXFileReference; fileEncoding = 4; lastKnownFileType = sourcecode.c.h; path = JYBLoadingIndicator.h; sourceTree = "<group>"; };
		FFE8920625A76C2900497503 /* MBProgressHUD.h */ = {isa = PBXFileReference; fileEncoding = 4; lastKnownFileType = sourcecode.c.h; path = MBProgressHUD.h; sourceTree = "<group>"; };
		FFE8920725A76C2900497503 /* JYBLoading.h */ = {isa = PBXFileReference; fileEncoding = 4; lastKnownFileType = sourcecode.c.h; path = JYBLoading.h; sourceTree = "<group>"; };
		FFE8920825A76C2900497503 /* JYBLoadingIndicator.m */ = {isa = PBXFileReference; fileEncoding = 4; lastKnownFileType = sourcecode.c.objc; path = JYBLoadingIndicator.m; sourceTree = "<group>"; };
		FFE8920A25A76C2900497503 /* UIImage+Color.h */ = {isa = PBXFileReference; fileEncoding = 4; lastKnownFileType = sourcecode.c.h; path = "UIImage+Color.h"; sourceTree = "<group>"; };
		FFE8920B25A76C2900497503 /* UIView+Ext.m */ = {isa = PBXFileReference; fileEncoding = 4; lastKnownFileType = sourcecode.c.objc; path = "UIView+Ext.m"; sourceTree = "<group>"; };
		FFE8920C25A76C2900497503 /* UIView+Ext.h */ = {isa = PBXFileReference; fileEncoding = 4; lastKnownFileType = sourcecode.c.h; path = "UIView+Ext.h"; sourceTree = "<group>"; };
		FFE8920D25A76C2900497503 /* UIImage+Color.m */ = {isa = PBXFileReference; fileEncoding = 4; lastKnownFileType = sourcecode.c.objc; path = "UIImage+Color.m"; sourceTree = "<group>"; };
		FFE8920E25A76C2900497503 /* JYBStringHelper.h */ = {isa = PBXFileReference; fileEncoding = 4; lastKnownFileType = sourcecode.c.h; path = JYBStringHelper.h; sourceTree = "<group>"; };
		FFE8921025A76C2900497503 /* ELCAssetCollectionCell.h */ = {isa = PBXFileReference; fileEncoding = 4; lastKnownFileType = sourcecode.c.h; path = ELCAssetCollectionCell.h; sourceTree = "<group>"; };
		FFE8921125A76C2900497503 /* ELCImagePickerController.m */ = {isa = PBXFileReference; fileEncoding = 4; lastKnownFileType = sourcecode.c.objc; path = ELCImagePickerController.m; sourceTree = "<group>"; };
		FFE8921225A76C2900497503 /* ELCAlbumPickerController.h */ = {isa = PBXFileReference; fileEncoding = 4; lastKnownFileType = sourcecode.c.h; path = ELCAlbumPickerController.h; sourceTree = "<group>"; };
		FFE8921325A76C2900497503 /* ELCAsset.h */ = {isa = PBXFileReference; fileEncoding = 4; lastKnownFileType = sourcecode.c.h; path = ELCAsset.h; sourceTree = "<group>"; };
		FFE8921525A76C2900497503 /* Overlay_select.png */ = {isa = PBXFileReference; lastKnownFileType = image.png; path = Overlay_select.png; sourceTree = "<group>"; };
		FFE8921625A76C2900497503 /* Overlay_select@2x.png */ = {isa = PBXFileReference; lastKnownFileType = image.png; path = "Overlay_select@2x.png"; sourceTree = "<group>"; };
		FFE8921725A76C2900497503 /* ELCAssetCollectionPicker.xib */ = {isa = PBXFileReference; fileEncoding = 4; lastKnownFileType = file.xib; path = ELCAssetCollectionPicker.xib; sourceTree = "<group>"; };
		FFE8921825A76C2900497503 /* Overlay.png */ = {isa = PBXFileReference; lastKnownFileType = image.png; path = Overlay.png; sourceTree = "<group>"; };
		FFE8921925A76C2900497503 /* goods_add_plus@3x.png */ = {isa = PBXFileReference; lastKnownFileType = image.png; path = "goods_add_plus@3x.png"; sourceTree = "<group>"; };
		FFE8921A25A76C2900497503 /* goods_add_plus@2x.png */ = {isa = PBXFileReference; lastKnownFileType = image.png; path = "goods_add_plus@2x.png"; sourceTree = "<group>"; };
		FFE8921B25A76C2900497503 /* Overlay@2x.png */ = {isa = PBXFileReference; lastKnownFileType = image.png; path = "Overlay@2x.png"; sourceTree = "<group>"; };
		FFE8921C25A76C2900497503 /* ELCAssetCollectionPicker.h */ = {isa = PBXFileReference; fileEncoding = 4; lastKnownFileType = sourcecode.c.h; path = ELCAssetCollectionPicker.h; sourceTree = "<group>"; };
		FFE8921D25A76C2900497503 /* ELCImagePickerController.h */ = {isa = PBXFileReference; fileEncoding = 4; lastKnownFileType = sourcecode.c.h; path = ELCImagePickerController.h; sourceTree = "<group>"; };
		FFE8921E25A76C2900497503 /* ELCAssetCollectionCell.m */ = {isa = PBXFileReference; fileEncoding = 4; lastKnownFileType = sourcecode.c.objc; path = ELCAssetCollectionCell.m; sourceTree = "<group>"; };
		FFE8921F25A76C2900497503 /* ELCAssetSelectionDelegate.h */ = {isa = PBXFileReference; fileEncoding = 4; lastKnownFileType = sourcecode.c.h; path = ELCAssetSelectionDelegate.h; sourceTree = "<group>"; };
		FFE8922025A76C2900497503 /* ELCAssetCollectionPicker.m */ = {isa = PBXFileReference; fileEncoding = 4; lastKnownFileType = sourcecode.c.objc; path = ELCAssetCollectionPicker.m; sourceTree = "<group>"; };
		FFE8922125A76C2900497503 /* ELCAsset.m */ = {isa = PBXFileReference; fileEncoding = 4; lastKnownFileType = sourcecode.c.objc; path = ELCAsset.m; sourceTree = "<group>"; };
		FFE8922225A76C2900497503 /* ELCAlbumPickerController.m */ = {isa = PBXFileReference; fileEncoding = 4; lastKnownFileType = sourcecode.c.objc; path = ELCAlbumPickerController.m; sourceTree = "<group>"; };
/* End PBXFileReference section */

/* Begin PBXFrameworksBuildPhase section */
		FF60BA14247EA18E00B0B1A8 /* Frameworks */ = {
			isa = PBXFrameworksBuildPhase;
			buildActionMask = 2147483647;
			files = (
				8BECA115017332181EC4E3C8 /* Pods_PriceHunter.framework in Frameworks */,
			);
			runOnlyForDeploymentPostprocessing = 0;
		};
		FF8E74C924EC1D1900B6F92F /* Frameworks */ = {
			isa = PBXFrameworksBuildPhase;
			buildActionMask = 2147483647;
			files = (
			);
			runOnlyForDeploymentPostprocessing = 0;
		};
/* End PBXFrameworksBuildPhase section */

/* Begin PBXGroup section */
		5104FD419D222AF28E1831AA /* Frameworks */ = {
			isa = PBXGroup;
			children = (
				FCC0D92CDE0D47637CC6FFE5 /* Pods_PriceHunter.framework */,
			);
			name = Frameworks;
			sourceTree = "<group>";
		};
		5B09EBBDB2A5E88A5E27D900 /* Pods */ = {
			isa = PBXGroup;
			children = (
				3F8776A0F2F0BBB67B81EB02 /* Pods-LabangTv.debug.xcconfig */,
				0C657A337E082E64711060B8 /* Pods-LabangTv.release.xcconfig */,
				361797D005EDAF12E78C327E /* Pods-PriceHunter.debug.xcconfig */,
				C844CF4D4A3D792C7E9DB744 /* Pods-PriceHunter.release.xcconfig */,
			);
			path = Pods;
			sourceTree = "<group>";
		};
		FF60BA0E247EA18E00B0B1A8 = {
			isa = PBXGroup;
			children = (
				FF60BA19247EA18E00B0B1A8 /* PriceHunter */,
				5B09EBBDB2A5E88A5E27D900 /* Pods */,
				FF8E74CD24EC1D1900B6F92F /* NotificationServiceExtension */,
				5104FD419D222AF28E1831AA /* Frameworks */,
				FF78E3DD24854469002AFAFF /* PriceHunter.app */,
				FF8E74CC24EC1D1900B6F92F /* NotificationServiceExtension.appex */,
			);
			sourceTree = "<group>";
		};
		FF60BA19247EA18E00B0B1A8 /* PriceHunter */ = {
			isa = PBXGroup;
			children = (
				FFE89162259A230700497503 /* Libraries */,
				FFAD294A2494946900E5E559 /* Model */,
				FFAD29472494943F00E5E559 /* Data */,
				FF60BA35247EB27700B0B1A8 /* Resources */,
				FF60BA34247EB13C00B0B1A8 /* PriceHunter.entitlements */,
				FF60BA32247EAACD00B0B1A8 /* GoogleService-Info.plist */,
				FF60BA1A247EA18E00B0B1A8 /* AppDelegate.swift */,
				FF60BA1C247EA18E00B0B1A8 /* SceneDelegate.swift */,
				FF60BA1E247EA18E00B0B1A8 /* ViewController.swift */,
				FF60BA20247EA18E00B0B1A8 /* Main.storyboard */,
				FF60BA23247EA19400B0B1A8 /* Assets.xcassets */,
				FF60BA25247EA19400B0B1A8 /* LaunchScreen.storyboard */,
				FF60BA28247EA19400B0B1A8 /* Info.plist */,
				FF4FA9EC248105040059908A /* SubWebViewController.swift */,
				FFE608DE24936EA900AD630E /* ImageSelectViewController.swift */,
				FFD87A6A2493C28D008E44C7 /* ImageCollectionViewCell.swift */,
				FFE1057C24AA3A8C000100E5 /* QRReaderViewController.swift */,
				FF1298C4253829E8000731CE /* LiveViewController.swift */,
				FFE8918F259A28F500497503 /* Bridge-Header.h */,
				FF45458E25B5CF3200B05D71 /* ImageSelectDetailViewController.swift */,
				17CB44B02743FB9E0070A77E /* TutorialContentsVC.swift */,
			);
			path = PriceHunter;
			sourceTree = "<group>";
		};
		FF60BA35247EB27700B0B1A8 /* Resources */ = {
			isa = PBXGroup;
			children = (
				FF60BA37247EB27700B0B1A8 /* image */,
			);
			path = Resources;
			sourceTree = "<group>";
		};
		FF60BA37247EB27700B0B1A8 /* image */ = {
			isa = PBXGroup;
			children = (
				FF4DB5F824BC9B8D0096165D /* IOS_1242x2208_intro.png */,
				FF60BA38247EB27700B0B1A8 /* icon_play.png */,
				FF60BA39247EB27700B0B1A8 /* btn_gallery@3x.png */,
				FF60BA3A247EB27700B0B1A8 /* icon_del.png */,
				FF60BA3B247EB27700B0B1A8 /* ic_main.png */,
				FF60BA3C247EB27700B0B1A8 /* top_back.png */,
				FF60BA3D247EB27700B0B1A8 /* btn_gallery@2x.png */,
				FF60BA3E247EB27700B0B1A8 /* btn_camera@3x.png */,
				FF60BA3F247EB27700B0B1A8 /* btn_camera@2x.png */,
				FF60BA40247EB27700B0B1A8 /* icon_camerachange.png */,
				FF60BA41247EB27700B0B1A8 /* btn_gallery.png */,
				FF60BA42247EB27700B0B1A8 /* icon_del@2x.png */,
				FF60BA43247EB27700B0B1A8 /* btn_camera.png */,
				FF60BA44247EB27700B0B1A8 /* icon_stop.png */,
				FF60BA46247EB27700B0B1A8 /* btn_close.png */,
				FF60BA47247EB27700B0B1A8 /* icon_del@3x.png */,
			);
			path = image;
			sourceTree = "<group>";
		};
		FF8E74CD24EC1D1900B6F92F /* NotificationServiceExtension */ = {
			isa = PBXGroup;
			children = (
				FF8E74CE24EC1D1900B6F92F /* NotificationService.swift */,
				FF8E74D024EC1D1900B6F92F /* Info.plist */,
			);
			path = NotificationServiceExtension;
			sourceTree = "<group>";
		};
		FFAD29472494943F00E5E559 /* Data */ = {
			isa = PBXGroup;
			children = (
				FFAD29482494945300E5E559 /* ImageData.swift */,
				FFBEC4432497D0D400CB3651 /* ImageFileData.swift */,
			);
			name = Data;
			sourceTree = "<group>";
		};
		FFAD294A2494946900E5E559 /* Model */ = {
			isa = PBXGroup;
			children = (
				FFAD294B2494948300E5E559 /* ImageModel.swift */,
			);
			name = Model;
			sourceTree = "<group>";
		};
		FFE89162259A230700497503 /* Libraries */ = {
			isa = PBXGroup;
			children = (
				FFE891F725A76C2900497503 /* JYBMultiImageSelector */,
			);
			path = Libraries;
			sourceTree = "<group>";
		};
		FFE891F725A76C2900497503 /* JYBMultiImageSelector */ = {
			isa = PBXGroup;
			children = (
				FFE891F825A76C2900497503 /* JYBMacros.h */,
				FFE891F925A76C2900497503 /* JYBBaseViewController.m */,
				FFE891FA25A76C2900497503 /* ImagesSelectorView */,
				FFE891FF25A76C2900497503 /* JYBMultiImageSelector.h */,
				FFE8920025A76C2900497503 /* JYBStringHelper.m */,
				FFE8920125A76C2900497503 /* JYBBaseViewController.h */,
				FFE8920225A76C2900497503 /* MBProgressHUD */,
				FFE8920925A76C2900497503 /* UIKit+Helper */,
				FFE8920E25A76C2900497503 /* JYBStringHelper.h */,
				FFE8920F25A76C2900497503 /* ELCImagePicker */,
			);
			path = JYBMultiImageSelector;
			sourceTree = "<group>";
		};
		FFE891FA25A76C2900497503 /* ImagesSelectorView */ = {
			isa = PBXGroup;
			children = (
				FFE891FB25A76C2900497503 /* JYBMultiImageView.m */,
				FFE891FC25A76C2900497503 /* UIImageButton.h */,
				FFE891FD25A76C2900497503 /* JYBMultiImageView.h */,
				FFE891FE25A76C2900497503 /* UIImageButton.m */,
			);
			path = ImagesSelectorView;
			sourceTree = "<group>";
		};
		FFE8920225A76C2900497503 /* MBProgressHUD */ = {
			isa = PBXGroup;
			children = (
				FFE8920325A76C2900497503 /* MBProgressHUD.m */,
				FFE8920425A76C2900497503 /* JYBLoading.m */,
				FFE8920525A76C2900497503 /* JYBLoadingIndicator.h */,
				FFE8920625A76C2900497503 /* MBProgressHUD.h */,
				FFE8920725A76C2900497503 /* JYBLoading.h */,
				FFE8920825A76C2900497503 /* JYBLoadingIndicator.m */,
			);
			path = MBProgressHUD;
			sourceTree = "<group>";
		};
		FFE8920925A76C2900497503 /* UIKit+Helper */ = {
			isa = PBXGroup;
			children = (
				FFE8920A25A76C2900497503 /* UIImage+Color.h */,
				FFE8920B25A76C2900497503 /* UIView+Ext.m */,
				FFE8920C25A76C2900497503 /* UIView+Ext.h */,
				FFE8920D25A76C2900497503 /* UIImage+Color.m */,
			);
			path = "UIKit+Helper";
			sourceTree = "<group>";
		};
		FFE8920F25A76C2900497503 /* ELCImagePicker */ = {
			isa = PBXGroup;
			children = (
				FFE8921025A76C2900497503 /* ELCAssetCollectionCell.h */,
				FFE8921125A76C2900497503 /* ELCImagePickerController.m */,
				FFE8921225A76C2900497503 /* ELCAlbumPickerController.h */,
				FFE8921325A76C2900497503 /* ELCAsset.h */,
				FFE8921425A76C2900497503 /* Resources */,
				FFE8921C25A76C2900497503 /* ELCAssetCollectionPicker.h */,
				FFE8921D25A76C2900497503 /* ELCImagePickerController.h */,
				FFE8921E25A76C2900497503 /* ELCAssetCollectionCell.m */,
				FFE8921F25A76C2900497503 /* ELCAssetSelectionDelegate.h */,
				FFE8922025A76C2900497503 /* ELCAssetCollectionPicker.m */,
				FFE8922125A76C2900497503 /* ELCAsset.m */,
				FFE8922225A76C2900497503 /* ELCAlbumPickerController.m */,
			);
			path = ELCImagePicker;
			sourceTree = "<group>";
		};
		FFE8921425A76C2900497503 /* Resources */ = {
			isa = PBXGroup;
			children = (
				FFE8921525A76C2900497503 /* Overlay_select.png */,
				FFE8921625A76C2900497503 /* Overlay_select@2x.png */,
				FFE8921725A76C2900497503 /* ELCAssetCollectionPicker.xib */,
				FFE8921825A76C2900497503 /* Overlay.png */,
				FFE8921925A76C2900497503 /* goods_add_plus@3x.png */,
				FFE8921A25A76C2900497503 /* goods_add_plus@2x.png */,
				FFE8921B25A76C2900497503 /* Overlay@2x.png */,
			);
			path = Resources;
			sourceTree = "<group>";
		};
/* End PBXGroup section */

/* Begin PBXNativeTarget section */
		FF60BA16247EA18E00B0B1A8 /* PriceHunter */ = {
			isa = PBXNativeTarget;
			buildConfigurationList = FF60BA2B247EA19400B0B1A8 /* Build configuration list for PBXNativeTarget "PriceHunter" */;
			buildPhases = (
				C0F6A0E29C2E0CC5B089451F /* [CP] Check Pods Manifest.lock */,
				FF60BA13247EA18E00B0B1A8 /* Sources */,
				FF60BA14247EA18E00B0B1A8 /* Frameworks */,
				FF60BA15247EA18E00B0B1A8 /* Resources */,
				0D42B9381D9A962E3D69AC8F /* [CP] Embed Pods Frameworks */,
				FF8E74D424EC1D1900B6F92F /* Embed App Extensions */,
			);
			buildRules = (
			);
			dependencies = (
				FF8E74D224EC1D1900B6F92F /* PBXTargetDependency */,
			);
			name = PriceHunter;
			productName = UnniTv;
			productReference = FF78E3DD24854469002AFAFF /* PriceHunter.app */;
			productType = "com.apple.product-type.application";
		};
		FF8E74CB24EC1D1900B6F92F /* NotificationServiceExtension */ = {
			isa = PBXNativeTarget;
			buildConfigurationList = FF8E74D724EC1D1900B6F92F /* Build configuration list for PBXNativeTarget "NotificationServiceExtension" */;
			buildPhases = (
				FF8E74C824EC1D1900B6F92F /* Sources */,
				FF8E74C924EC1D1900B6F92F /* Frameworks */,
				FF8E74CA24EC1D1900B6F92F /* Resources */,
			);
			buildRules = (
			);
			dependencies = (
			);
			name = NotificationServiceExtension;
			productName = NotificationServiceExtension;
			productReference = FF8E74CC24EC1D1900B6F92F /* NotificationServiceExtension.appex */;
			productType = "com.apple.product-type.app-extension";
		};
/* End PBXNativeTarget section */

/* Begin PBXProject section */
		FF60BA0F247EA18E00B0B1A8 /* Project object */ = {
			isa = PBXProject;
			attributes = {
				LastSwiftUpdateCheck = 1150;
				LastUpgradeCheck = 1140;
				ORGANIZATIONNAME = ncgglobal;
				TargetAttributes = {
					FF60BA16247EA18E00B0B1A8 = {
						CreatedOnToolsVersion = 11.4.1;
						LastSwiftMigration = 1150;
					};
					FF8E74CB24EC1D1900B6F92F = {
						CreatedOnToolsVersion = 11.5;
					};
				};
			};
			buildConfigurationList = FF60BA12247EA18E00B0B1A8 /* Build configuration list for PBXProject "PriceHunter" */;
			compatibilityVersion = "Xcode 9.3";
			developmentRegion = en;
			hasScannedForEncodings = 0;
			knownRegions = (
				en,
				Base,
			);
			mainGroup = FF60BA0E247EA18E00B0B1A8;
			productRefGroup = FF60BA0E247EA18E00B0B1A8;
			projectDirPath = "";
			projectRoot = "";
			targets = (
				FF60BA16247EA18E00B0B1A8 /* PriceHunter */,
				FF8E74CB24EC1D1900B6F92F /* NotificationServiceExtension */,
			);
		};
/* End PBXProject section */

/* Begin PBXResourcesBuildPhase section */
		FF60BA15247EA18E00B0B1A8 /* Resources */ = {
			isa = PBXResourcesBuildPhase;
			buildActionMask = 2147483647;
			files = (
				FFE8923025A76C2900497503 /* Overlay.png in Resources */,
				FF60BA55247EB27700B0B1A8 /* icon_stop.png in Resources */,
				FF60BA27247EA19400B0B1A8 /* LaunchScreen.storyboard in Resources */,
				FF60BA33247EAACD00B0B1A8 /* GoogleService-Info.plist in Resources */,
				FF60BA4D247EB27700B0B1A8 /* top_back.png in Resources */,
				FF60BA51247EB27700B0B1A8 /* icon_camerachange.png in Resources */,
				FFE8922D25A76C2900497503 /* Overlay_select.png in Resources */,
				FFE8922F25A76C2900497503 /* ELCAssetCollectionPicker.xib in Resources */,
				FF60BA49247EB27700B0B1A8 /* icon_play.png in Resources */,
				FF4DB5F924BC9B8D0096165D /* IOS_1242x2208_intro.png in Resources */,
				FF60BA50247EB27700B0B1A8 /* btn_camera@2x.png in Resources */,
				FF60BA52247EB27700B0B1A8 /* btn_gallery.png in Resources */,
				FF60BA4B247EB27700B0B1A8 /* icon_del.png in Resources */,
				FFE8922E25A76C2900497503 /* Overlay_select@2x.png in Resources */,
				FF60BA53247EB27700B0B1A8 /* icon_del@2x.png in Resources */,
				FFE8923225A76C2900497503 /* goods_add_plus@2x.png in Resources */,
				FF60BA4C247EB27700B0B1A8 /* ic_main.png in Resources */,
				FF60BA4F247EB27700B0B1A8 /* btn_camera@3x.png in Resources */,
				FF60BA57247EB27700B0B1A8 /* btn_close.png in Resources */,
				FFE8923125A76C2900497503 /* goods_add_plus@3x.png in Resources */,
				FFE8923325A76C2900497503 /* Overlay@2x.png in Resources */,
				FF60BA24247EA19400B0B1A8 /* Assets.xcassets in Resources */,
				FF60BA22247EA18E00B0B1A8 /* Main.storyboard in Resources */,
				FF60BA4E247EB27700B0B1A8 /* btn_gallery@2x.png in Resources */,
				FF60BA54247EB27700B0B1A8 /* btn_camera.png in Resources */,
				FF60BA58247EB27700B0B1A8 /* icon_del@3x.png in Resources */,
				FF60BA4A247EB27700B0B1A8 /* btn_gallery@3x.png in Resources */,
			);
			runOnlyForDeploymentPostprocessing = 0;
		};
		FF8E74CA24EC1D1900B6F92F /* Resources */ = {
			isa = PBXResourcesBuildPhase;
			buildActionMask = 2147483647;
			files = (
			);
			runOnlyForDeploymentPostprocessing = 0;
		};
/* End PBXResourcesBuildPhase section */

/* Begin PBXShellScriptBuildPhase section */
		0D42B9381D9A962E3D69AC8F /* [CP] Embed Pods Frameworks */ = {
			isa = PBXShellScriptBuildPhase;
			buildActionMask = 2147483647;
			files = (
			);
			inputFileListPaths = (
				"${PODS_ROOT}/Target Support Files/Pods-PriceHunter/Pods-PriceHunter-frameworks-${CONFIGURATION}-input-files.xcfilelist",
			);
			name = "[CP] Embed Pods Frameworks";
			outputFileListPaths = (
				"${PODS_ROOT}/Target Support Files/Pods-PriceHunter/Pods-PriceHunter-frameworks-${CONFIGURATION}-output-files.xcfilelist",
			);
			runOnlyForDeploymentPostprocessing = 0;
			shellPath = /bin/sh;
			shellScript = "\"${PODS_ROOT}/Target Support Files/Pods-PriceHunter/Pods-PriceHunter-frameworks.sh\"\n";
			showEnvVarsInLog = 0;
		};
		C0F6A0E29C2E0CC5B089451F /* [CP] Check Pods Manifest.lock */ = {
			isa = PBXShellScriptBuildPhase;
			buildActionMask = 2147483647;
			files = (
			);
			inputFileListPaths = (
			);
			inputPaths = (
				"${PODS_PODFILE_DIR_PATH}/Podfile.lock",
				"${PODS_ROOT}/Manifest.lock",
			);
			name = "[CP] Check Pods Manifest.lock";
			outputFileListPaths = (
			);
			outputPaths = (
				"$(DERIVED_FILE_DIR)/Pods-PriceHunter-checkManifestLockResult.txt",
			);
			runOnlyForDeploymentPostprocessing = 0;
			shellPath = /bin/sh;
			shellScript = "diff \"${PODS_PODFILE_DIR_PATH}/Podfile.lock\" \"${PODS_ROOT}/Manifest.lock\" > /dev/null\nif [ $? != 0 ] ; then\n    # print error to STDERR\n    echo \"error: The sandbox is not in sync with the Podfile.lock. Run 'pod install' or update your CocoaPods installation.\" >&2\n    exit 1\nfi\n# This output is used by Xcode 'outputs' to avoid re-running this script phase.\necho \"SUCCESS\" > \"${SCRIPT_OUTPUT_FILE_0}\"\n";
			showEnvVarsInLog = 0;
		};
/* End PBXShellScriptBuildPhase section */

/* Begin PBXSourcesBuildPhase section */
		FF60BA13247EA18E00B0B1A8 /* Sources */ = {
			isa = PBXSourcesBuildPhase;
			buildActionMask = 2147483647;
			files = (
				FFE8923725A76C2900497503 /* ELCAlbumPickerController.m in Sources */,
				FFD87A6B2493C28D008E44C7 /* ImageCollectionViewCell.swift in Sources */,
				FFE8923625A76C2900497503 /* ELCAsset.m in Sources */,
				FFE8922325A76C2900497503 /* JYBBaseViewController.m in Sources */,
				FFE8922425A76C2900497503 /* JYBMultiImageView.m in Sources */,
				FFE8922825A76C2900497503 /* JYBLoading.m in Sources */,
				FFE8922525A76C2900497503 /* UIImageButton.m in Sources */,
				FFE8922C25A76C2900497503 /* ELCImagePickerController.m in Sources */,
				FF4FA9ED248105040059908A /* SubWebViewController.swift in Sources */,
				FFE1057D24AA3A8C000100E5 /* QRReaderViewController.swift in Sources */,
				FF60BA1F247EA18E00B0B1A8 /* ViewController.swift in Sources */,
				FF45458F25B5CF3200B05D71 /* ImageSelectDetailViewController.swift in Sources */,
				FFBEC4442497D0D400CB3651 /* ImageFileData.swift in Sources */,
				FFAD294C2494948300E5E559 /* ImageModel.swift in Sources */,
				FF60BA1B247EA18E00B0B1A8 /* AppDelegate.swift in Sources */,
				FFAD29492494945300E5E559 /* ImageData.swift in Sources */,
				FFE8923425A76C2900497503 /* ELCAssetCollectionCell.m in Sources */,
				FFE608DF24936EA900AD630E /* ImageSelectViewController.swift in Sources */,
				FF60BA1D247EA18E00B0B1A8 /* SceneDelegate.swift in Sources */,
				FFE8923525A76C2900497503 /* ELCAssetCollectionPicker.m in Sources */,
				FF1298C5253829E8000731CE /* LiveViewController.swift in Sources */,
				17CB44B12743FB9E0070A77E /* TutorialContentsVC.swift in Sources */,
				FFE8922625A76C2900497503 /* JYBStringHelper.m in Sources */,
				FFE8922925A76C2900497503 /* JYBLoadingIndicator.m in Sources */,
				FFE8922B25A76C2900497503 /* UIImage+Color.m in Sources */,
				FFE8922A25A76C2900497503 /* UIView+Ext.m in Sources */,
				FFE8922725A76C2900497503 /* MBProgressHUD.m in Sources */,
			);
			runOnlyForDeploymentPostprocessing = 0;
		};
		FF8E74C824EC1D1900B6F92F /* Sources */ = {
			isa = PBXSourcesBuildPhase;
			buildActionMask = 2147483647;
			files = (
				FF8E74CF24EC1D1900B6F92F /* NotificationService.swift in Sources */,
			);
			runOnlyForDeploymentPostprocessing = 0;
		};
/* End PBXSourcesBuildPhase section */

/* Begin PBXTargetDependency section */
		FF8E74D224EC1D1900B6F92F /* PBXTargetDependency */ = {
			isa = PBXTargetDependency;
			target = FF8E74CB24EC1D1900B6F92F /* NotificationServiceExtension */;
			targetProxy = FF8E74D124EC1D1900B6F92F /* PBXContainerItemProxy */;
		};
/* End PBXTargetDependency section */

/* Begin PBXVariantGroup section */
		FF60BA20247EA18E00B0B1A8 /* Main.storyboard */ = {
			isa = PBXVariantGroup;
			children = (
				FF60BA21247EA18E00B0B1A8 /* Base */,
			);
			name = Main.storyboard;
			sourceTree = "<group>";
		};
		FF60BA25247EA19400B0B1A8 /* LaunchScreen.storyboard */ = {
			isa = PBXVariantGroup;
			children = (
				FF60BA26247EA19400B0B1A8 /* Base */,
			);
			name = LaunchScreen.storyboard;
			sourceTree = "<group>";
		};
/* End PBXVariantGroup section */

/* Begin XCBuildConfiguration section */
		FF60BA29247EA19400B0B1A8 /* Debug */ = {
			isa = XCBuildConfiguration;
			buildSettings = {
				ALWAYS_SEARCH_USER_PATHS = NO;
				CLANG_ANALYZER_NONNULL = YES;
				CLANG_ANALYZER_NUMBER_OBJECT_CONVERSION = YES_AGGRESSIVE;
				CLANG_CXX_LANGUAGE_STANDARD = "gnu++14";
				CLANG_CXX_LIBRARY = "libc++";
				CLANG_ENABLE_MODULES = YES;
				CLANG_ENABLE_OBJC_ARC = YES;
				CLANG_ENABLE_OBJC_WEAK = YES;
				CLANG_WARN_BLOCK_CAPTURE_AUTORELEASING = YES;
				CLANG_WARN_BOOL_CONVERSION = YES;
				CLANG_WARN_COMMA = YES;
				CLANG_WARN_CONSTANT_CONVERSION = YES;
				CLANG_WARN_DEPRECATED_OBJC_IMPLEMENTATIONS = YES;
				CLANG_WARN_DIRECT_OBJC_ISA_USAGE = YES_ERROR;
				CLANG_WARN_DOCUMENTATION_COMMENTS = YES;
				CLANG_WARN_EMPTY_BODY = YES;
				CLANG_WARN_ENUM_CONVERSION = YES;
				CLANG_WARN_INFINITE_RECURSION = YES;
				CLANG_WARN_INT_CONVERSION = YES;
				CLANG_WARN_NON_LITERAL_NULL_CONVERSION = YES;
				CLANG_WARN_OBJC_IMPLICIT_RETAIN_SELF = YES;
				CLANG_WARN_OBJC_LITERAL_CONVERSION = YES;
				CLANG_WARN_OBJC_ROOT_CLASS = YES_ERROR;
				CLANG_WARN_RANGE_LOOP_ANALYSIS = YES;
				CLANG_WARN_STRICT_PROTOTYPES = YES;
				CLANG_WARN_SUSPICIOUS_MOVE = YES;
				CLANG_WARN_UNGUARDED_AVAILABILITY = YES_AGGRESSIVE;
				CLANG_WARN_UNREACHABLE_CODE = YES;
				CLANG_WARN__DUPLICATE_METHOD_MATCH = YES;
				COPY_PHASE_STRIP = NO;
				DEBUG_INFORMATION_FORMAT = dwarf;
				ENABLE_STRICT_OBJC_MSGSEND = YES;
				ENABLE_TESTABILITY = YES;
				GCC_C_LANGUAGE_STANDARD = gnu11;
				GCC_DYNAMIC_NO_PIC = NO;
				GCC_NO_COMMON_BLOCKS = YES;
				GCC_OPTIMIZATION_LEVEL = 0;
				GCC_PREPROCESSOR_DEFINITIONS = (
					"DEBUG=1",
					"$(inherited)",
				);
				GCC_WARN_64_TO_32_BIT_CONVERSION = YES;
				GCC_WARN_ABOUT_RETURN_TYPE = YES_ERROR;
				GCC_WARN_UNDECLARED_SELECTOR = YES;
				GCC_WARN_UNINITIALIZED_AUTOS = YES_AGGRESSIVE;
				GCC_WARN_UNUSED_FUNCTION = YES;
				GCC_WARN_UNUSED_VARIABLE = YES;
				IPHONEOS_DEPLOYMENT_TARGET = 13.4;
				MTL_ENABLE_DEBUG_INFO = INCLUDE_SOURCE;
				MTL_FAST_MATH = YES;
				ONLY_ACTIVE_ARCH = YES;
				SDKROOT = iphoneos;
				SWIFT_ACTIVE_COMPILATION_CONDITIONS = DEBUG;
				SWIFT_OPTIMIZATION_LEVEL = "-Onone";
			};
			name = Debug;
		};
		FF60BA2A247EA19400B0B1A8 /* Release */ = {
			isa = XCBuildConfiguration;
			buildSettings = {
				ALWAYS_SEARCH_USER_PATHS = NO;
				CLANG_ANALYZER_NONNULL = YES;
				CLANG_ANALYZER_NUMBER_OBJECT_CONVERSION = YES_AGGRESSIVE;
				CLANG_CXX_LANGUAGE_STANDARD = "gnu++14";
				CLANG_CXX_LIBRARY = "libc++";
				CLANG_ENABLE_MODULES = YES;
				CLANG_ENABLE_OBJC_ARC = YES;
				CLANG_ENABLE_OBJC_WEAK = YES;
				CLANG_WARN_BLOCK_CAPTURE_AUTORELEASING = YES;
				CLANG_WARN_BOOL_CONVERSION = YES;
				CLANG_WARN_COMMA = YES;
				CLANG_WARN_CONSTANT_CONVERSION = YES;
				CLANG_WARN_DEPRECATED_OBJC_IMPLEMENTATIONS = YES;
				CLANG_WARN_DIRECT_OBJC_ISA_USAGE = YES_ERROR;
				CLANG_WARN_DOCUMENTATION_COMMENTS = YES;
				CLANG_WARN_EMPTY_BODY = YES;
				CLANG_WARN_ENUM_CONVERSION = YES;
				CLANG_WARN_INFINITE_RECURSION = YES;
				CLANG_WARN_INT_CONVERSION = YES;
				CLANG_WARN_NON_LITERAL_NULL_CONVERSION = YES;
				CLANG_WARN_OBJC_IMPLICIT_RETAIN_SELF = YES;
				CLANG_WARN_OBJC_LITERAL_CONVERSION = YES;
				CLANG_WARN_OBJC_ROOT_CLASS = YES_ERROR;
				CLANG_WARN_RANGE_LOOP_ANALYSIS = YES;
				CLANG_WARN_STRICT_PROTOTYPES = YES;
				CLANG_WARN_SUSPICIOUS_MOVE = YES;
				CLANG_WARN_UNGUARDED_AVAILABILITY = YES_AGGRESSIVE;
				CLANG_WARN_UNREACHABLE_CODE = YES;
				CLANG_WARN__DUPLICATE_METHOD_MATCH = YES;
				COPY_PHASE_STRIP = NO;
				DEBUG_INFORMATION_FORMAT = "dwarf-with-dsym";
				ENABLE_NS_ASSERTIONS = NO;
				ENABLE_STRICT_OBJC_MSGSEND = YES;
				GCC_C_LANGUAGE_STANDARD = gnu11;
				GCC_NO_COMMON_BLOCKS = YES;
				GCC_WARN_64_TO_32_BIT_CONVERSION = YES;
				GCC_WARN_ABOUT_RETURN_TYPE = YES_ERROR;
				GCC_WARN_UNDECLARED_SELECTOR = YES;
				GCC_WARN_UNINITIALIZED_AUTOS = YES_AGGRESSIVE;
				GCC_WARN_UNUSED_FUNCTION = YES;
				GCC_WARN_UNUSED_VARIABLE = YES;
				IPHONEOS_DEPLOYMENT_TARGET = 13.4;
				MTL_ENABLE_DEBUG_INFO = NO;
				MTL_FAST_MATH = YES;
				SDKROOT = iphoneos;
				SWIFT_COMPILATION_MODE = wholemodule;
				SWIFT_OPTIMIZATION_LEVEL = "-O";
				VALIDATE_PRODUCT = YES;
			};
			name = Release;
		};
		FF60BA2C247EA19400B0B1A8 /* Debug */ = {
			isa = XCBuildConfiguration;
			baseConfigurationReference = 361797D005EDAF12E78C327E /* Pods-PriceHunter.debug.xcconfig */;
			buildSettings = {
				ALWAYS_EMBED_SWIFT_STANDARD_LIBRARIES = YES;
				ASSETCATALOG_COMPILER_APPICON_NAME = AppIcon;
				CLANG_ENABLE_MODULES = YES;
				CODE_SIGN_ENTITLEMENTS = PriceHunter/PriceHunter.entitlements;
				CODE_SIGN_IDENTITY = "Apple Development";
				CODE_SIGN_STYLE = Automatic;
				CURRENT_PROJECT_VERSION = 2;
				DEVELOPMENT_TEAM = 2QN575BFS3;
				FRAMEWORK_SEARCH_PATHS = "$(inherited)";
				INFOPLIST_FILE = PriceHunter/Info.plist;
				LD_RUNPATH_SEARCH_PATHS = (
					"$(inherited)",
					"@executable_path/Frameworks",
				);
				LIBRARY_SEARCH_PATHS = "$(inherited)";
				MARKETING_VERSION = 1.0.1;
				PRODUCT_BUNDLE_IDENTIFIER = com.creator.pricehunter;
				PRODUCT_NAME = PriceHunter;
				PROVISIONING_PROFILE_SPECIFIER = "";
				SWIFT_OBJC_BRIDGING_HEADER = "PriceHunter/Bridge-Header.h";
				SWIFT_OPTIMIZATION_LEVEL = "-Onone";
				SWIFT_VERSION = 5.0;
				TARGETED_DEVICE_FAMILY = 1;
			};
			name = Debug;
		};
		FF60BA2D247EA19400B0B1A8 /* Release */ = {
			isa = XCBuildConfiguration;
			baseConfigurationReference = C844CF4D4A3D792C7E9DB744 /* Pods-PriceHunter.release.xcconfig */;
			buildSettings = {
				ALWAYS_EMBED_SWIFT_STANDARD_LIBRARIES = YES;
				ASSETCATALOG_COMPILER_APPICON_NAME = AppIcon;
				CLANG_ENABLE_MODULES = YES;
				CODE_SIGN_ENTITLEMENTS = PriceHunter/PriceHunter.entitlements;
				CODE_SIGN_IDENTITY = "Apple Development";
				CODE_SIGN_STYLE = Automatic;
				CURRENT_PROJECT_VERSION = 2;
				DEVELOPMENT_TEAM = 2QN575BFS3;
				FRAMEWORK_SEARCH_PATHS = "$(inherited)";
				INFOPLIST_FILE = PriceHunter/Info.plist;
				LD_RUNPATH_SEARCH_PATHS = (
					"$(inherited)",
					"@executable_path/Frameworks",
				);
				LIBRARY_SEARCH_PATHS = "$(inherited)";
				MARKETING_VERSION = 1.0.1;
				PRODUCT_BUNDLE_IDENTIFIER = com.creator.pricehunter;
				PRODUCT_NAME = PriceHunter;
				PROVISIONING_PROFILE_SPECIFIER = "";
				SWIFT_OBJC_BRIDGING_HEADER = "PriceHunter/Bridge-Header.h";
				SWIFT_VERSION = 5.0;
				TARGETED_DEVICE_FAMILY = 1;
			};
			name = Release;
		};
		FF8E74D524EC1D1900B6F92F /* Debug */ = {
			isa = XCBuildConfiguration;
			buildSettings = {
				CODE_SIGN_IDENTITY = "Apple Development";
				CODE_SIGN_STYLE = Automatic;
				CURRENT_PROJECT_VERSION = 2;
				DEVELOPMENT_TEAM = 2QN575BFS3;
				INFOPLIST_FILE = NotificationServiceExtension/Info.plist;
				IPHONEOS_DEPLOYMENT_TARGET = 13.4;
				LD_RUNPATH_SEARCH_PATHS = (
					"$(inherited)",
					"@executable_path/Frameworks",
					"@executable_path/../../Frameworks",
				);
				MARKETING_VERSION = 1.0.1;
				PRODUCT_BUNDLE_IDENTIFIER = com.creator.pricehunter.NotificationServiceExtension;
				PRODUCT_NAME = "$(TARGET_NAME)";
				PROVISIONING_PROFILE_SPECIFIER = "";
				SKIP_INSTALL = YES;
				SWIFT_VERSION = 5.0;
				TARGETED_DEVICE_FAMILY = "1,2";
			};
			name = Debug;
		};
		FF8E74D624EC1D1900B6F92F /* Release */ = {
			isa = XCBuildConfiguration;
			buildSettings = {
				CODE_SIGN_IDENTITY = "Apple Development";
				CODE_SIGN_STYLE = Automatic;
				CURRENT_PROJECT_VERSION = 2;
				DEVELOPMENT_TEAM = 2QN575BFS3;
				INFOPLIST_FILE = NotificationServiceExtension/Info.plist;
				IPHONEOS_DEPLOYMENT_TARGET = 13.4;
				LD_RUNPATH_SEARCH_PATHS = (
					"$(inherited)",
					"@executable_path/Frameworks",
					"@executable_path/../../Frameworks",
				);
				MARKETING_VERSION = 1.0.1;
				PRODUCT_BUNDLE_IDENTIFIER = com.creator.pricehunter.NotificationServiceExtension;
				PRODUCT_NAME = "$(TARGET_NAME)";
				PROVISIONING_PROFILE_SPECIFIER = "";
				SKIP_INSTALL = YES;
				SWIFT_VERSION = 5.0;
				TARGETED_DEVICE_FAMILY = "1,2";
			};
			name = Release;
		};
/* End XCBuildConfiguration section */

/* Begin XCConfigurationList section */
		FF60BA12247EA18E00B0B1A8 /* Build configuration list for PBXProject "PriceHunter" */ = {
			isa = XCConfigurationList;
			buildConfigurations = (
				FF60BA29247EA19400B0B1A8 /* Debug */,
				FF60BA2A247EA19400B0B1A8 /* Release */,
			);
			defaultConfigurationIsVisible = 0;
			defaultConfigurationName = Release;
		};
		FF60BA2B247EA19400B0B1A8 /* Build configuration list for PBXNativeTarget "PriceHunter" */ = {
			isa = XCConfigurationList;
			buildConfigurations = (
				FF60BA2C247EA19400B0B1A8 /* Debug */,
				FF60BA2D247EA19400B0B1A8 /* Release */,
			);
			defaultConfigurationIsVisible = 0;
			defaultConfigurationName = Release;
		};
		FF8E74D724EC1D1900B6F92F /* Build configuration list for PBXNativeTarget "NotificationServiceExtension" */ = {
			isa = XCConfigurationList;
			buildConfigurations = (
				FF8E74D524EC1D1900B6F92F /* Debug */,
				FF8E74D624EC1D1900B6F92F /* Release */,
			);
			defaultConfigurationIsVisible = 0;
			defaultConfigurationName = Release;
		};
/* End XCConfigurationList section */
	};
	rootObject = FF60BA0F247EA18E00B0B1A8 /* Project object */;
}
